{
  "name": "zardaxt",
  "lockfileVersion": 2,
  "requires": true,
  "packages": {
    "": {
      "dependencies": {
        "ua-parser-js": "^1.0.33"
      }
    },
    "node_modules/ua-parser-js": {
      "version": "1.0.33",
      "resolved": "https://registry.npmjs.org/ua-parser-js/-/ua-parser-js-1.0.33.tgz",
      "integrity": "sha512-RqshF7TPTE0XLYAqmjlu5cLLuGdKrNu9O1KLA/qp39QtbZwuzwv1dT46DZSopoUMsYgXpB3Cv8a03FI8b74oFQ==",
      "funding": [
        {
          "type": "opencollective",
          "url": "https://opencollective.com/ua-parser-js"
        },
        {
          "type": "paypal",
          "url": "https://paypal.me/faisalman"
        }
      ],
      "engines": {
        "node": "*"
      }
    }
  },
  "dependencies": {
    "ua-parser-js": {
      "version": "1.0.33",
      "resolved": "https://registry.npmjs.org/ua-parser-js/-/ua-parser-js-1.0.33.tgz",
      "integrity": "sha512-RqshF7TPTE0XLYAqmjlu5cLLuGdKrNu9O1KLA/qp39QtbZwuzwv1dT46DZSopoUMsYgXpB3Cv8a03FI8b74oFQ=="
    }
  }
}
